
Microsoft Visual Studio Solution File, Format Version 12.00
# Visual Studio Version 17
VisualStudioVersion = 17.6.33815.320
MinimumVisualStudioVersion = 10.0.40219.1
Project("{FAE04EC0-301F-11D3-BF4B-00C04F79EFBC}") = "CRUDExample", "CRUDExample.csproj", "{B25DEAEF-F706-4488-9DAC-F41AC36B7553}"
EndProject
Project("{FAE04EC0-301F-11D3-BF4B-00C04F79EFBC}") = "CRUDTest", "..\CRUDTest\CRUDTest.csproj", "{E6F7B98B-BBF8-4B3B-BA39-ACB126A08D13}"
EndProject
Project("{FAE04EC0-301F-11D3-BF4B-00C04F79EFBC}") = "Entities", "..\Entities\Entities.csproj", "{AAE6D05D-384D-44FF-AEDC-14DEC4D8934D}"
EndProject
Project("{FAE04EC0-301F-11D3-BF4B-00C04F79EFBC}") = "ServiceContracts", "..\ServiceContracts\ServiceContracts.csproj", "{2C4120AA-DD9B-4401-8BBF-74BF958A5017}"
EndProject
Project("{FAE04EC0-301F-11D3-BF4B-00C04F79EFBC}") = "Services", "..\Services\Services.csproj", "{F4328AA9-FD10-41A3-A97C-3E25816BAF5A}"
EndProject
Global
	GlobalSection(SolutionConfigurationPlatforms) = preSolution
		Debug|Any CPU = Debug|Any CPU
		Release|Any CPU = Release|Any CPU
	EndGlobalSection
	GlobalSection(ProjectConfigurationPlatforms) = postSolution
		{B25DEAEF-F706-4488-9DAC-F41AC36B7553}.Debug|Any CPU.ActiveCfg = Debug|Any CPU
		{B25DEAEF-F706-4488-9DAC-F41AC36B7553}.Debug|Any CPU.Build.0 = Debug|Any CPU
		{B25DEAEF-F706-4488-9DAC-F41AC36B7553}.Release|Any CPU.ActiveCfg = Release|Any CPU
		{B25DEAEF-F706-4488-9DAC-F41AC36B7553}.Release|Any CPU.Build.0 = Release|Any CPU
		{E6F7B98B-BBF8-4B3B-BA39-ACB126A08D13}.Debug|Any CPU.ActiveCfg = Debug|Any CPU
		{E6F7B98B-BBF8-4B3B-BA39-ACB126A08D13}.Debug|Any CPU.Build.0 = Debug|Any CPU
		{E6F7B98B-BBF8-4B3B-BA39-ACB126A08D13}.Release|Any CPU.ActiveCfg = Release|Any CPU
		{E6F7B98B-BBF8-4B3B-BA39-ACB126A08D13}.Release|Any CPU.Build.0 = Release|Any CPU
		{AAE6D05D-384D-44FF-AEDC-14DEC4D8934D}.Debug|Any CPU.ActiveCfg = Debug|Any CPU
		{AAE6D05D-384D-44FF-AEDC-14DEC4D8934D}.Debug|Any CPU.Build.0 = Debug|Any CPU
		{AAE6D05D-384D-44FF-AEDC-14DEC4D8934D}.Release|Any CPU.ActiveCfg = Release|Any CPU
		{AAE6D05D-384D-44FF-AEDC-14DEC4D8934D}.Release|Any CPU.Build.0 = Release|Any CPU
		{2C4120AA-DD9B-4401-8BBF-74BF958A5017}.Debug|Any CPU.ActiveCfg = Debug|Any CPU
		{2C4120AA-DD9B-4401-8BBF-74BF958A5017}.Debug|Any CPU.Build.0 = Debug|Any CPU
		{2C4120AA-DD9B-4401-8BBF-74BF958A5017}.Release|Any CPU.ActiveCfg = Release|Any CPU
		{2C4120AA-DD9B-4401-8BBF-74BF958A5017}.Release|Any CPU.Build.0 = Release|Any CPU
		{F4328AA9-FD10-41A3-A97C-3E25816BAF5A}.Debug|Any CPU.ActiveCfg = Debug|Any CPU
		{F4328AA9-FD10-41A3-A97C-3E25816BAF5A}.Debug|Any CPU.Build.0 = Debug|Any CPU
		{F4328AA9-FD10-41A3-A97C-3E25816BAF5A}.Release|Any CPU.ActiveCfg = Release|Any CPU
		{F4328AA9-FD10-41A3-A97C-3E25816BAF5A}.Release|Any CPU.Build.0 = Release|Any CPU
	EndGlobalSection
	GlobalSection(SolutionProperties) = preSolution
		HideSolutionNode = FALSE
	EndGlobalSection
	GlobalSection(ExtensibilityGlobals) = postSolution
		SolutionGuid = {3BC482A5-0A1A-4526-8C02-A471893A4044}
	EndGlobalSection
EndGlobal
